
Microsoft Visual Studio Solution File, Format Version 12.00
# Visual Studio 15
VisualStudioVersion = 15.0.28307.168
MinimumVisualStudioVersion = 10.0.40219.1
Project("{FAE04EC0-301F-11D3-BF4B-00C04F79EFBC}") = "NoppaPeli", "NoppaPeli.csproj", "{0A789B00-77FA-4A6D-9850-1B4BE7F13023}"
EndProject
Global
	GlobalSection(SolutionConfigurationPlatforms) = preSolution
		Debug|Any CPU = Debug|Any CPU
		Release|Any CPU = Release|Any CPU
	EndGlobalSection
	GlobalSection(ProjectConfigurationPlatforms) = postSolution
		{0A789B00-77FA-4A6D-9850-1B4BE7F13023}.Debug|Any CPU.ActiveCfg = Debug|Any CPU
		{0A789B00-77FA-4A6D-9850-1B4BE7F13023}.Debug|Any CPU.Build.0 = Debug|Any CPU
		{0A789B00-77FA-4A6D-9850-1B4BE7F13023}.Release|Any CPU.ActiveCfg = Release|Any CPU
		{0A789B00-77FA-4A6D-9850-1B4BE7F13023}.Release|Any CPU.Build.0 = Release|Any CPU
	EndGlobalSection
	GlobalSection(SolutionProperties) = preSolution
		HideSolutionNode = FALSE
	EndGlobalSection
	GlobalSection(ExtensibilityGlobals) = postSolution
		SolutionGuid = {B230E147-7129-4FBE-A034-3E9EE29032B9}
	EndGlobalSection
EndGlobal
